
Microsoft Visual Studio Solution File, Format Version 12.00
# Visual Studio Version 16
VisualStudioVersion = 16.0.29503.13
MinimumVisualStudioVersion = 10.0.40219.1
Project("{E53339B2-1760-4266-BCC7-CA923CBCF16C}") = "docker-compose", "docker-compose.dcproj", "{49FCB6F1-1224-4BBD-A925-14C824AF865A}"
EndProject
Project("{9A19103F-16F7-4668-BE54-9A1E7A4F7556}") = "Ordering.Api", "Ordering.Api\Ordering.Api.csproj", "{2CCD05FD-9148-4001-AD22-F5BF4406C785}"
EndProject
Project("{9A19103F-16F7-4668-BE54-9A1E7A4F7556}") = "Ordering.Domain", "Ordering.Domain\Ordering.Domain.csproj", "{1080B32D-2A2D-4E13-A5E9-5091449152FF}"
EndProject
Project("{9A19103F-16F7-4668-BE54-9A1E7A4F7556}") = "Ordering.Infrastructure", "Ordering.Infrastructure\Ordering.Infrastructure.csproj", "{E8CC7E7D-C8A4-4907-B855-173F99F038BD}"
EndProject
Project("{9A19103F-16F7-4668-BE54-9A1E7A4F7556}") = "Ordering.UnitTests", "Ordering.UnitTests\Ordering.UnitTests.csproj", "{990FEB54-C966-466C-836E-A2CAA8E03F6C}"
EndProject
Global
	GlobalSection(SolutionConfigurationPlatforms) = preSolution
		Debug|Any CPU = Debug|Any CPU
		Release|Any CPU = Release|Any CPU
	EndGlobalSection
	GlobalSection(ProjectConfigurationPlatforms) = postSolution
		{49FCB6F1-1224-4BBD-A925-14C824AF865A}.Debug|Any CPU.ActiveCfg = Debug|Any CPU
		{49FCB6F1-1224-4BBD-A925-14C824AF865A}.Debug|Any CPU.Build.0 = Debug|Any CPU
		{49FCB6F1-1224-4BBD-A925-14C824AF865A}.Release|Any CPU.ActiveCfg = Release|Any CPU
		{49FCB6F1-1224-4BBD-A925-14C824AF865A}.Release|Any CPU.Build.0 = Release|Any CPU
		{2CCD05FD-9148-4001-AD22-F5BF4406C785}.Debug|Any CPU.ActiveCfg = Debug|Any CPU
		{2CCD05FD-9148-4001-AD22-F5BF4406C785}.Debug|Any CPU.Build.0 = Debug|Any CPU
		{2CCD05FD-9148-4001-AD22-F5BF4406C785}.Release|Any CPU.ActiveCfg = Release|Any CPU
		{2CCD05FD-9148-4001-AD22-F5BF4406C785}.Release|Any CPU.Build.0 = Release|Any CPU
		{1080B32D-2A2D-4E13-A5E9-5091449152FF}.Debug|Any CPU.ActiveCfg = Debug|Any CPU
		{1080B32D-2A2D-4E13-A5E9-5091449152FF}.Debug|Any CPU.Build.0 = Debug|Any CPU
		{1080B32D-2A2D-4E13-A5E9-5091449152FF}.Release|Any CPU.ActiveCfg = Release|Any CPU
		{1080B32D-2A2D-4E13-A5E9-5091449152FF}.Release|Any CPU.Build.0 = Release|Any CPU
		{E8CC7E7D-C8A4-4907-B855-173F99F038BD}.Debug|Any CPU.ActiveCfg = Debug|Any CPU
		{E8CC7E7D-C8A4-4907-B855-173F99F038BD}.Debug|Any CPU.Build.0 = Debug|Any CPU
		{E8CC7E7D-C8A4-4907-B855-173F99F038BD}.Release|Any CPU.ActiveCfg = Release|Any CPU
		{E8CC7E7D-C8A4-4907-B855-173F99F038BD}.Release|Any CPU.Build.0 = Release|Any CPU
		{990FEB54-C966-466C-836E-A2CAA8E03F6C}.Debug|Any CPU.ActiveCfg = Debug|Any CPU
		{990FEB54-C966-466C-836E-A2CAA8E03F6C}.Debug|Any CPU.Build.0 = Debug|Any CPU
		{990FEB54-C966-466C-836E-A2CAA8E03F6C}.Release|Any CPU.ActiveCfg = Release|Any CPU
		{990FEB54-C966-466C-836E-A2CAA8E03F6C}.Release|Any CPU.Build.0 = Release|Any CPU
	EndGlobalSection
	GlobalSection(SolutionProperties) = preSolution
		HideSolutionNode = FALSE
	EndGlobalSection
	GlobalSection(ExtensibilityGlobals) = postSolution
		SolutionGuid = {F5795E04-BC35-4D0E-84BC-60A5BC66624F}
	EndGlobalSection
EndGlobal
